# This file is generated by running "yarn install" inside your project.
# Manual changes might be lost - proceed with caution!

__metadata:
  version: 4

"package1@workspace:package1":
  version: 0.0.0-use.local
  resolution: "package1@workspace:package1"
  languageName: unknown
  linkType: soft

"yarn-workspaces-colors@workspace:.":
  version: 0.0.0-use.local
  resolution: "yarn-workspaces-colors@workspace:."
  languageName: unknown
  linkType: soft
